
Microsoft Visual Studio Solution File, Format Version 12.00
# Visual Studio 15
Project("{FAE04EC0-301F-11D3-BF4B-00C04F79EFBC}") = "SensorsAnalyticsPCSDK", "SensorsAnalyticsPCSDK.csproj", "{C6A7EB81-520A-E9A6-57DB-D401237991D3}"
EndProject
Project("{FAE04EC0-301F-11D3-BF4B-00C04F79EFBC}") = "Assembly-CSharp", "Assembly-CSharp.csproj", "{B89A43B9-C532-0466-8F53-E8F441CBF65F}"
EndProject
Project("{FAE04EC0-301F-11D3-BF4B-00C04F79EFBC}") = "Assembly-CSharp-Editor", "Assembly-CSharp-Editor.csproj", "{356A1B68-440D-1837-ED6B-CC4E454715C4}"
EndProject
Global
	GlobalSection(SolutionConfigurationPlatforms) = preSolution
		Debug|Any CPU = Debug|Any CPU
		Release|Any CPU = Release|Any CPU
	EndGlobalSection
	GlobalSection(ProjectConfigurationPlatforms) = postSolution
		{C6A7EB81-520A-E9A6-57DB-D401237991D3}.Debug|Any CPU.ActiveCfg = Debug|Any CPU
		{C6A7EB81-520A-E9A6-57DB-D401237991D3}.Debug|Any CPU.Build.0 = Debug|Any CPU
		{C6A7EB81-520A-E9A6-57DB-D401237991D3}.Release|Any CPU.ActiveCfg = Release|Any CPU
		{C6A7EB81-520A-E9A6-57DB-D401237991D3}.Release|Any CPU.Build.0 = Release|Any CPU
		{B89A43B9-C532-0466-8F53-E8F441CBF65F}.Debug|Any CPU.ActiveCfg = Debug|Any CPU
		{B89A43B9-C532-0466-8F53-E8F441CBF65F}.Debug|Any CPU.Build.0 = Debug|Any CPU
		{B89A43B9-C532-0466-8F53-E8F441CBF65F}.Release|Any CPU.ActiveCfg = Release|Any CPU
		{B89A43B9-C532-0466-8F53-E8F441CBF65F}.Release|Any CPU.Build.0 = Release|Any CPU
		{356A1B68-440D-1837-ED6B-CC4E454715C4}.Debug|Any CPU.ActiveCfg = Debug|Any CPU
		{356A1B68-440D-1837-ED6B-CC4E454715C4}.Debug|Any CPU.Build.0 = Debug|Any CPU
		{356A1B68-440D-1837-ED6B-CC4E454715C4}.Release|Any CPU.ActiveCfg = Release|Any CPU
		{356A1B68-440D-1837-ED6B-CC4E454715C4}.Release|Any CPU.Build.0 = Release|Any CPU
	EndGlobalSection
	GlobalSection(SolutionProperties) = preSolution
		HideSolutionNode = FALSE
	EndGlobalSection
EndGlobal
